github.com/google/go-cmp v0.5.0/go.mod h1:v8dTdLbMG2kIc/vJvl+f65V22dbkXbowE6jgT/gNBxE=
github.com/google/uuid v1.1.2 h1:EVhdT+1Kseyi1/pUmXKaFxYsDNy9RQYkMWRH68J/W7Y=
github.com/google/uuid v1.1.2/go.mod h1:TIyPZe4MgqvfeYDBFedMoGGpEw/LqOeaOT+nhxU+yHo=
github.com/hetznercloud/hcloud-go v1.23.1 h1:SkYdCa6x458cMSDz5GI18iPz5j2hicACiDP6J/s/bTs=
github.com/hetznercloud/hcloud-go v1.23.1/go.mod h1:xng8lbDUg+xM1dgc0yGHX5EeqbwIq7UYlMWMTx3SQVg=
github.com/joho/godotenv v1.3.0 h1:Zjp+RcGpHhGlrMbJzXTrZZPrWj+1vfm90La1wgB6Bhc=
github.com/joho/godotenv v1.3.0/go.mod h1:7hK45KPybAkOC6peb+G5yklZfMxEjkZhHbwpqxOKXbg=
github.com/openfaas/templates-sdk v0.0.0-20200723110415-a699ec277c12 h1:P5IjrDQug3GRIfNC9/S7+UvXAbNdenhnHtjz4Qs8Kd8=
github.com/openfaas/templates-sdk v0.0.0-20200723110415-a699ec277c12/go.mod h1:JWcVHdzlHcR7nLuaDL88Mz68wOqDvOn0CLO6t27OMhk=
golang.org/x/xerrors v0.0.0-20191204190536-9bdfabe68543/go.mod h1:I/5z698sn9Ka8TeJc9MKroUUfqBBauWjQqLJ2OPfmY0=
